
Microsoft Visual Studio Solution File, Format Version 12.00
# Visual Studio Version 16
VisualStudioVersion = 16.0.29926.136
MinimumVisualStudioVersion = 10.0.40219.1
Project("{9A19103F-16F7-4668-BE54-9A1E7A4F7556}") = "RadioApp", "RadioProjectStarterCode\RadioApp.csproj", "{2A934EF7-1340-4D4A-A42A-60EF3FA42560}"
EndProject
Project("{9A19103F-16F7-4668-BE54-9A1E7A4F7556}") = "RadioTests", "RadioTests\RadioTests.csproj", "{45BF134B-61C7-4F8F-A505-5BDBACAA453E}"
EndProject
Project("{FAE04EC0-301F-11D3-BF4B-00C04F79EFBC}") = "RadioInterface", "RadioInterface\RadioInterface.csproj", "{5A490B2F-BBA5-4ABE-808A-5BD9C98EB1F9}"
EndProject
Global
	GlobalSection(SolutionConfigurationPlatforms) = preSolution
		Debug|Any CPU = Debug|Any CPU
		Release|Any CPU = Release|Any CPU
	EndGlobalSection
	GlobalSection(ProjectConfigurationPlatforms) = postSolution
		{2A934EF7-1340-4D4A-A42A-60EF3FA42560}.Debug|Any CPU.ActiveCfg = Debug|Any CPU
		{2A934EF7-1340-4D4A-A42A-60EF3FA42560}.Debug|Any CPU.Build.0 = Debug|Any CPU
		{2A934EF7-1340-4D4A-A42A-60EF3FA42560}.Release|Any CPU.ActiveCfg = Release|Any CPU
		{2A934EF7-1340-4D4A-A42A-60EF3FA42560}.Release|Any CPU.Build.0 = Release|Any CPU
		{45BF134B-61C7-4F8F-A505-5BDBACAA453E}.Debug|Any CPU.ActiveCfg = Debug|Any CPU
		{45BF134B-61C7-4F8F-A505-5BDBACAA453E}.Debug|Any CPU.Build.0 = Debug|Any CPU
		{45BF134B-61C7-4F8F-A505-5BDBACAA453E}.Release|Any CPU.ActiveCfg = Release|Any CPU
		{45BF134B-61C7-4F8F-A505-5BDBACAA453E}.Release|Any CPU.Build.0 = Release|Any CPU
		{5A490B2F-BBA5-4ABE-808A-5BD9C98EB1F9}.Debug|Any CPU.ActiveCfg = Debug|Any CPU
		{5A490B2F-BBA5-4ABE-808A-5BD9C98EB1F9}.Debug|Any CPU.Build.0 = Debug|Any CPU
		{5A490B2F-BBA5-4ABE-808A-5BD9C98EB1F9}.Release|Any CPU.ActiveCfg = Release|Any CPU
		{5A490B2F-BBA5-4ABE-808A-5BD9C98EB1F9}.Release|Any CPU.Build.0 = Release|Any CPU
	EndGlobalSection
	GlobalSection(SolutionProperties) = preSolution
		HideSolutionNode = FALSE
	EndGlobalSection
	GlobalSection(ExtensibilityGlobals) = postSolution
		SolutionGuid = {B2178CC6-668C-4B80-8521-92960896CF29}
	EndGlobalSection
EndGlobal
